
Microsoft Visual Studio Solution File, Format Version 12.00
# Visual Studio Version 17
VisualStudioVersion = 17.2.32630.192
MinimumVisualStudioVersion = 10.0.40219.1
Project("{9A19103F-16F7-4668-BE54-9A1E7A4F7556}") = "FleetApp.Application", "FleetApp\FleetApp.Application.csproj", "{A76C4EA9-7CAB-4E45-9590-A63E304CA43F}"
EndProject
Project("{9A19103F-16F7-4668-BE54-9A1E7A4F7556}") = "FleetApp.Domain", "FleetApp.Domain\FleetApp.Domain.csproj", "{1D06F19A-22E4-4CF4-8EB9-46B75BE26D73}"
EndProject
Project("{9A19103F-16F7-4668-BE54-9A1E7A4F7556}") = "FleetApp.Service", "FleetApp.Service\FleetApp.Service.csproj", "{E1399F56-0BAD-4C91-8E02-F962E23CA7BC}"
	ProjectSection(ProjectDependencies) = postProject
		{6412413D-6743-4B11-937E-24CCF5645A76} = {6412413D-6743-4B11-937E-24CCF5645A76}
	EndProjectSection
EndProject
Project("{9A19103F-16F7-4668-BE54-9A1E7A4F7556}") = "FleetApp.Infrastructure", "FleetApp.Infrastructure\FleetApp.Infrastructure.csproj", "{6412413D-6743-4B11-937E-24CCF5645A76}"
EndProject
Project("{9A19103F-16F7-4668-BE54-9A1E7A4F7556}") = "FleetApp.CrossCutting", "FleetApp.CrossCutting\FleetApp.CrossCutting.csproj", "{9F4DCBE0-50B6-42E0-9997-E2ED8088B035}"
EndProject
Global
	GlobalSection(SolutionConfigurationPlatforms) = preSolution
		Debug|Any CPU = Debug|Any CPU
		Release|Any CPU = Release|Any CPU
	EndGlobalSection
	GlobalSection(ProjectConfigurationPlatforms) = postSolution
		{A76C4EA9-7CAB-4E45-9590-A63E304CA43F}.Debug|Any CPU.ActiveCfg = Debug|Any CPU
		{A76C4EA9-7CAB-4E45-9590-A63E304CA43F}.Debug|Any CPU.Build.0 = Debug|Any CPU
		{A76C4EA9-7CAB-4E45-9590-A63E304CA43F}.Release|Any CPU.ActiveCfg = Release|Any CPU
		{A76C4EA9-7CAB-4E45-9590-A63E304CA43F}.Release|Any CPU.Build.0 = Release|Any CPU
		{1D06F19A-22E4-4CF4-8EB9-46B75BE26D73}.Debug|Any CPU.ActiveCfg = Debug|Any CPU
		{1D06F19A-22E4-4CF4-8EB9-46B75BE26D73}.Debug|Any CPU.Build.0 = Debug|Any CPU
		{1D06F19A-22E4-4CF4-8EB9-46B75BE26D73}.Release|Any CPU.ActiveCfg = Release|Any CPU
		{1D06F19A-22E4-4CF4-8EB9-46B75BE26D73}.Release|Any CPU.Build.0 = Release|Any CPU
		{E1399F56-0BAD-4C91-8E02-F962E23CA7BC}.Debug|Any CPU.ActiveCfg = Debug|Any CPU
		{E1399F56-0BAD-4C91-8E02-F962E23CA7BC}.Debug|Any CPU.Build.0 = Debug|Any CPU
		{E1399F56-0BAD-4C91-8E02-F962E23CA7BC}.Release|Any CPU.ActiveCfg = Release|Any CPU
		{E1399F56-0BAD-4C91-8E02-F962E23CA7BC}.Release|Any CPU.Build.0 = Release|Any CPU
		{6412413D-6743-4B11-937E-24CCF5645A76}.Debug|Any CPU.ActiveCfg = Debug|Any CPU
		{6412413D-6743-4B11-937E-24CCF5645A76}.Debug|Any CPU.Build.0 = Debug|Any CPU
		{6412413D-6743-4B11-937E-24CCF5645A76}.Release|Any CPU.ActiveCfg = Release|Any CPU
		{6412413D-6743-4B11-937E-24CCF5645A76}.Release|Any CPU.Build.0 = Release|Any CPU
		{9F4DCBE0-50B6-42E0-9997-E2ED8088B035}.Debug|Any CPU.ActiveCfg = Debug|Any CPU
		{9F4DCBE0-50B6-42E0-9997-E2ED8088B035}.Debug|Any CPU.Build.0 = Debug|Any CPU
		{9F4DCBE0-50B6-42E0-9997-E2ED8088B035}.Release|Any CPU.ActiveCfg = Release|Any CPU
		{9F4DCBE0-50B6-42E0-9997-E2ED8088B035}.Release|Any CPU.Build.0 = Release|Any CPU
	EndGlobalSection
	GlobalSection(SolutionProperties) = preSolution
		HideSolutionNode = FALSE
	EndGlobalSection
	GlobalSection(ExtensibilityGlobals) = postSolution
		SolutionGuid = {9745C69E-A33A-4137-BDDA-3EB492691E3A}
	EndGlobalSection
EndGlobal
